
Microsoft Visual Studio Solution File, Format Version 12.00
# Visual Studio Version 16
VisualStudioVersion = 16.0.28803.352
MinimumVisualStudioVersion = 10.0.40219.1
Project("{FAE04EC0-301F-11D3-BF4B-00C04F79EFBC}") = "ChecksumUtility", "ChecksumUtility\ChecksumUtility.csproj", "{7A2E92E4-AD5A-479C-933E-F3F9AE076706}"
EndProject
Global
	GlobalSection(SolutionConfigurationPlatforms) = preSolution
		Debug|Any CPU = Debug|Any CPU
		Release|Any CPU = Release|Any CPU
	EndGlobalSection
	GlobalSection(ProjectConfigurationPlatforms) = postSolution
		{7A2E92E4-AD5A-479C-933E-F3F9AE076706}.Debug|Any CPU.ActiveCfg = Debug|Any CPU
		{7A2E92E4-AD5A-479C-933E-F3F9AE076706}.Debug|Any CPU.Build.0 = Debug|Any CPU
		{7A2E92E4-AD5A-479C-933E-F3F9AE076706}.Release|Any CPU.ActiveCfg = Release|Any CPU
		{7A2E92E4-AD5A-479C-933E-F3F9AE076706}.Release|Any CPU.Build.0 = Release|Any CPU
	EndGlobalSection
	GlobalSection(SolutionProperties) = preSolution
		HideSolutionNode = FALSE
	EndGlobalSection
	GlobalSection(ExtensibilityGlobals) = postSolution
		SolutionGuid = {3301A7D4-FB2F-4859-838E-A0D4D6AD48BF}
	EndGlobalSection
EndGlobal
